
Microsoft Visual Studio Solution File, Format Version 12.00
# Visual Studio Version 17
VisualStudioVersion = 17.0.32112.339
MinimumVisualStudioVersion = 10.0.40219.1
Project("{9A19103F-16F7-4668-BE54-9A1E7A4F7556}") = "SchoolSystem", "Day3\SchoolSystem.csproj", "{20DE50A2-3672-40ED-A99C-DA64F3C48D69}"
EndProject
Global
	GlobalSection(SolutionConfigurationPlatforms) = preSolution
		Debug|Any CPU = Debug|Any CPU
		Release|Any CPU = Release|Any CPU
	EndGlobalSection
	GlobalSection(ProjectConfigurationPlatforms) = postSolution
		{20DE50A2-3672-40ED-A99C-DA64F3C48D69}.Debug|Any CPU.ActiveCfg = Debug|Any CPU
		{20DE50A2-3672-40ED-A99C-DA64F3C48D69}.Debug|Any CPU.Build.0 = Debug|Any CPU
		{20DE50A2-3672-40ED-A99C-DA64F3C48D69}.Release|Any CPU.ActiveCfg = Release|Any CPU
		{20DE50A2-3672-40ED-A99C-DA64F3C48D69}.Release|Any CPU.Build.0 = Release|Any CPU
	EndGlobalSection
	GlobalSection(SolutionProperties) = preSolution
		HideSolutionNode = FALSE
	EndGlobalSection
	GlobalSection(ExtensibilityGlobals) = postSolution
		SolutionGuid = {36EAD47F-0079-4D2A-90F5-1BD72E5CE524}
	EndGlobalSection
EndGlobal
